// !$*UTF8*$!
{
	archiveVersion = 1;
	classes = {
	};
	objectVersion = 48;
	objects = {

/* Begin PBXBuildFile section */
		9D580E302067F38500B4611A /* AppDelegate.swift in Sources */ = {isa = PBXBuildFile; fileRef = 9D580E2F2067F38500B4611A /* AppDelegate.swift */; };
		9D580E322067F38500B4611A /* ViewController.swift in Sources */ = {isa = PBXBuildFile; fileRef = 9D580E312067F38500B4611A /* ViewController.swift */; };
		9D580E352067F38500B4611A /* Main.storyboard in Resources */ = {isa = PBXBuildFile; fileRef = 9D580E332067F38500B4611A /* Main.storyboard */; };
		9D580E372067F38500B4611A /* Assets.xcassets in Resources */ = {isa = PBXBuildFile; fileRef = 9D580E362067F38500B4611A /* Assets.xcassets */; };
		9D580E3A2067F38500B4611A /* LaunchScreen.storyboard in Resources */ = {isa = PBXBuildFile; fileRef = 9D580E382067F38500B4611A /* LaunchScreen.storyboard */; };
		9D580E452067F38500B4611A /* ProjectAlfiTests.swift in Sources */ = {isa = PBXBuildFile; fileRef = 9D580E442067F38500B4611A /* ProjectAlfiTests.swift */; };
		9D580E502067F38500B4611A /* ProjectAlfiUITests.swift in Sources */ = {isa = PBXBuildFile; fileRef = 9D580E4F2067F38500B4611A /* ProjectAlfiUITests.swift */; };
		9D580E5F2067FCBB00B4611A /* Login:Signup.storyboard in Resources */ = {isa = PBXBuildFile; fileRef = 9D580E5D2067FCBB00B4611A /* Login:Signup.storyboard */; };
		9D58110E2068014E00B4611A /* StartUpViewController.swift in Sources */ = {isa = PBXBuildFile; fileRef = 9D5810682068014E00B4611A /* StartUpViewController.swift */; };
		9D581113206801B400B4611A /* LoginViewController.swift in Sources */ = {isa = PBXBuildFile; fileRef = 9D581112206801B400B4611A /* LoginViewController.swift */; };
		9D58111B206801C100B4611A /* CreateProfileViewController.swift in Sources */ = {isa = PBXBuildFile; fileRef = 9D581115206801C000B4611A /* CreateProfileViewController.swift */; };
		9D58111D206801C100B4611A /* NameViewController.swift in Sources */ = {isa = PBXBuildFile; fileRef = 9D581117206801C000B4611A /* NameViewController.swift */; };
		9D581125206801CE00B4611A /* Slide.xib in Resources */ = {isa = PBXBuildFile; fileRef = 9D581120206801CE00B4611A /* Slide.xib */; };
		9D581126206801CE00B4611A /* Slide2.xib in Resources */ = {isa = PBXBuildFile; fileRef = 9D581121206801CE00B4611A /* Slide2.xib */; };
		9D581127206801CE00B4611A /* Slide4.xib in Resources */ = {isa = PBXBuildFile; fileRef = 9D581122206801CE00B4611A /* Slide4.xib */; };
		9D581128206801CE00B4611A /* Slide.swift in Sources */ = {isa = PBXBuildFile; fileRef = 9D581123206801CE00B4611A /* Slide.swift */; };
		9D581129206801CE00B4611A /* Slide3.xib in Resources */ = {isa = PBXBuildFile; fileRef = 9D581124206801CE00B4611A /* Slide3.xib */; };
		9D58112C2068027300B4611A /* BaseViewController.swift in Sources */ = {isa = PBXBuildFile; fileRef = 9D58112B2068027300B4611A /* BaseViewController.swift */; };
		9D5811352068087A00B4611A /* AgeViewController.swift in Sources */ = {isa = PBXBuildFile; fileRef = 9D5811342068087A00B4611A /* AgeViewController.swift */; };
		9D581137206808D000B4611A /* WeightViewController.swift in Sources */ = {isa = PBXBuildFile; fileRef = 9D581136206808D000B4611A /* WeightViewController.swift */; };
		9D58113920680CEA00B4611A /* Constants.swift in Sources */ = {isa = PBXBuildFile; fileRef = 9D58113820680CEA00B4611A /* Constants.swift */; };
		9D5812962068123A00B4611A /* sound10.wav in Resources */ = {isa = PBXBuildFile; fileRef = 9D5812902068123900B4611A /* sound10.wav */; };
		9D5812972068123A00B4611A /* sound4.wav in Resources */ = {isa = PBXBuildFile; fileRef = 9D5812912068123A00B4611A /* sound4.wav */; };
		9D5812982068123A00B4611A /* ErrorSound.wav in Resources */ = {isa = PBXBuildFile; fileRef = 9D5812922068123A00B4611A /* ErrorSound.wav */; };
		9D5812992068123A00B4611A /* newMessage.wav in Resources */ = {isa = PBXBuildFile; fileRef = 9D5812932068123A00B4611A /* newMessage.wav */; };
		9D58129A2068123A00B4611A /* sound8.wav in Resources */ = {isa = PBXBuildFile; fileRef = 9D5812942068123A00B4611A /* sound8.wav */; };
		9D58129B2068123A00B4611A /* sound9.wav in Resources */ = {isa = PBXBuildFile; fileRef = 9D5812952068123A00B4611A /* sound9.wav */; };
		9D58129D2068160F00B4611A /* CommonUtils.swift in Sources */ = {isa = PBXBuildFile; fileRef = 9D58129C2068160F00B4611A /* CommonUtils.swift */; };
		9D9F317A2068B195007CD1B5 /* MainMenuViewController.swift in Sources */ = {isa = PBXBuildFile; fileRef = 9D9F31792068B195007CD1B5 /* MainMenuViewController.swift */; };
/* End PBXBuildFile section */

/* Begin PBXContainerItemProxy section */
		9D580E412067F38500B4611A /* PBXContainerItemProxy */ = {
			isa = PBXContainerItemProxy;
			containerPortal = 9D580E242067F38500B4611A /* Project object */;
			proxyType = 1;
			remoteGlobalIDString = 9D580E2B2067F38500B4611A;
			remoteInfo = ProjectAlfi;
		};
		9D580E4C2067F38500B4611A /* PBXContainerItemProxy */ = {
			isa = PBXContainerItemProxy;
			containerPortal = 9D580E242067F38500B4611A /* Project object */;
			proxyType = 1;
			remoteGlobalIDString = 9D580E2B2067F38500B4611A;
			remoteInfo = ProjectAlfi;
		};
/* End PBXContainerItemProxy section */

/* Begin PBXFileReference section */
		9D580E2C2067F38500B4611A /* ProjectAlfi.app */ = {isa = PBXFileReference; explicitFileType = wrapper.application; includeInIndex = 0; path = ProjectAlfi.app; sourceTree = BUILT_PRODUCTS_DIR; };
		9D580E2F2067F38500B4611A /* AppDelegate.swift */ = {isa = PBXFileReference; lastKnownFileType = sourcecode.swift; path = AppDelegate.swift; sourceTree = "<group>"; };
		9D580E312067F38500B4611A /* ViewController.swift */ = {isa = PBXFileReference; lastKnownFileType = sourcecode.swift; path = ViewController.swift; sourceTree = "<group>"; };
		9D580E342067F38500B4611A /* Base */ = {isa = PBXFileReference; lastKnownFileType = file.storyboard; name = Base; path = Base.lproj/Main.storyboard; sourceTree = "<group>"; };
		9D580E362067F38500B4611A /* Assets.xcassets */ = {isa = PBXFileReference; lastKnownFileType = folder.assetcatalog; path = Assets.xcassets; sourceTree = "<group>"; };
		9D580E392067F38500B4611A /* Base */ = {isa = PBXFileReference; lastKnownFileType = file.storyboard; name = Base; path = Base.lproj/LaunchScreen.storyboard; sourceTree = "<group>"; };
		9D580E3B2067F38500B4611A /* Info.plist */ = {isa = PBXFileReference; lastKnownFileType = text.plist.xml; path = Info.plist; sourceTree = "<group>"; };
		9D580E402067F38500B4611A /* ProjectAlfiTests.xctest */ = {isa = PBXFileReference; explicitFileType = wrapper.cfbundle; includeInIndex = 0; path = ProjectAlfiTests.xctest; sourceTree = BUILT_PRODUCTS_DIR; };
		9D580E442067F38500B4611A /* ProjectAlfiTests.swift */ = {isa = PBXFileReference; lastKnownFileType = sourcecode.swift; path = ProjectAlfiTests.swift; sourceTree = "<group>"; };
		9D580E462067F38500B4611A /* Info.plist */ = {isa = PBXFileReference; lastKnownFileType = text.plist.xml; path = Info.plist; sourceTree = "<group>"; };
		9D580E4B2067F38500B4611A /* ProjectAlfiUITests.xctest */ = {isa = PBXFileReference; explicitFileType = wrapper.cfbundle; includeInIndex = 0; path = ProjectAlfiUITests.xctest; sourceTree = BUILT_PRODUCTS_DIR; };
		9D580E4F2067F38500B4611A /* ProjectAlfiUITests.swift */ = {isa = PBXFileReference; lastKnownFileType = sourcecode.swift; path = ProjectAlfiUITests.swift; sourceTree = "<group>"; };
		9D580E512067F38500B4611A /* Info.plist */ = {isa = PBXFileReference; lastKnownFileType = text.plist.xml; path = Info.plist; sourceTree = "<group>"; };
		9D580E5E2067FCBB00B4611A /* Base */ = {isa = PBXFileReference; lastKnownFileType = file.storyboard; name = Base; path = "Base.lproj/Login:Signup.storyboard"; sourceTree = "<group>"; };
		9D5810682068014E00B4611A /* StartUpViewController.swift */ = {isa = PBXFileReference; fileEncoding = 4; lastKnownFileType = sourcecode.swift; path = StartUpViewController.swift; sourceTree = "<group>"; };
		9D581112206801B400B4611A /* LoginViewController.swift */ = {isa = PBXFileReference; fileEncoding = 4; lastKnownFileType = sourcecode.swift; path = LoginViewController.swift; sourceTree = "<group>"; };
		9D581115206801C000B4611A /* CreateProfileViewController.swift */ = {isa = PBXFileReference; fileEncoding = 4; lastKnownFileType = sourcecode.swift; path = CreateProfileViewController.swift; sourceTree = "<group>"; };
		9D581117206801C000B4611A /* NameViewController.swift */ = {isa = PBXFileReference; fileEncoding = 4; lastKnownFileType = sourcecode.swift; path = NameViewController.swift; sourceTree = "<group>"; };
		9D581120206801CE00B4611A /* Slide.xib */ = {isa = PBXFileReference; fileEncoding = 4; lastKnownFileType = file.xib; path = Slide.xib; sourceTree = "<group>"; };
		9D581121206801CE00B4611A /* Slide2.xib */ = {isa = PBXFileReference; fileEncoding = 4; lastKnownFileType = file.xib; path = Slide2.xib; sourceTree = "<group>"; };
		9D581122206801CE00B4611A /* Slide4.xib */ = {isa = PBXFileReference; fileEncoding = 4; lastKnownFileType = file.xib; path = Slide4.xib; sourceTree = "<group>"; };
		9D581123206801CE00B4611A /* Slide.swift */ = {isa = PBXFileReference; fileEncoding = 4; lastKnownFileType = sourcecode.swift; path = Slide.swift; sourceTree = "<group>"; };
		9D581124206801CE00B4611A /* Slide3.xib */ = {isa = PBXFileReference; fileEncoding = 4; lastKnownFileType = file.xib; path = Slide3.xib; sourceTree = "<group>"; };
		9D58112B2068027300B4611A /* BaseViewController.swift */ = {isa = PBXFileReference; fileEncoding = 4; lastKnownFileType = sourcecode.swift; path = BaseViewController.swift; sourceTree = "<group>"; };
		9D5811342068087A00B4611A /* AgeViewController.swift */ = {isa = PBXFileReference; lastKnownFileType = sourcecode.swift; path = AgeViewController.swift; sourceTree = "<group>"; };
		9D581136206808D000B4611A /* WeightViewController.swift */ = {isa = PBXFileReference; lastKnownFileType = sourcecode.swift; path = WeightViewController.swift; sourceTree = "<group>"; };
		9D58113820680CEA00B4611A /* Constants.swift */ = {isa = PBXFileReference; fileEncoding = 4; lastKnownFileType = sourcecode.swift; path = Constants.swift; sourceTree = "<group>"; };
		9D5812902068123900B4611A /* sound10.wav */ = {isa = PBXFileReference; lastKnownFileType = audio.wav; path = sound10.wav; sourceTree = "<group>"; };
		9D5812912068123A00B4611A /* sound4.wav */ = {isa = PBXFileReference; lastKnownFileType = audio.wav; path = sound4.wav; sourceTree = "<group>"; };
		9D5812922068123A00B4611A /* ErrorSound.wav */ = {isa = PBXFileReference; lastKnownFileType = audio.wav; path = ErrorSound.wav; sourceTree = "<group>"; };
		9D5812932068123A00B4611A /* newMessage.wav */ = {isa = PBXFileReference; lastKnownFileType = audio.wav; path = newMessage.wav; sourceTree = "<group>"; };
		9D5812942068123A00B4611A /* sound8.wav */ = {isa = PBXFileReference; lastKnownFileType = audio.wav; path = sound8.wav; sourceTree = "<group>"; };
		9D5812952068123A00B4611A /* sound9.wav */ = {isa = PBXFileReference; lastKnownFileType = audio.wav; path = sound9.wav; sourceTree = "<group>"; };
		9D58129C2068160F00B4611A /* CommonUtils.swift */ = {isa = PBXFileReference; fileEncoding = 4; lastKnownFileType = sourcecode.swift; path = CommonUtils.swift; sourceTree = "<group>"; };
		9D9F31792068B195007CD1B5 /* MainMenuViewController.swift */ = {isa = PBXFileReference; lastKnownFileType = sourcecode.swift; path = MainMenuViewController.swift; sourceTree = "<group>"; };
/* End PBXFileReference section */

/* Begin PBXFrameworksBuildPhase section */
		9D580E292067F38500B4611A /* Frameworks */ = {
			isa = PBXFrameworksBuildPhase;
			buildActionMask = 2147483647;
			files = (
			);
			runOnlyForDeploymentPostprocessing = 0;
		};
		9D580E3D2067F38500B4611A /* Frameworks */ = {
			isa = PBXFrameworksBuildPhase;
			buildActionMask = 2147483647;
			files = (
			);
			runOnlyForDeploymentPostprocessing = 0;
		};
		9D580E482067F38500B4611A /* Frameworks */ = {
			isa = PBXFrameworksBuildPhase;
			buildActionMask = 2147483647;
			files = (
			);
			runOnlyForDeploymentPostprocessing = 0;
		};
/* End PBXFrameworksBuildPhase section */

/* Begin PBXGroup section */
		9D580E232067F38500B4611A = {
			isa = PBXGroup;
			children = (
				9D580E2E2067F38500B4611A /* ProjectAlfi */,
				9D580E3B2067F38500B4611A /* Info.plist */,
				9D580E432067F38500B4611A /* ProjectAlfiTests */,
				9D580E4E2067F38500B4611A /* ProjectAlfiUITests */,
				9D580E2D2067F38500B4611A /* Products */,
			);
			sourceTree = "<group>";
		};
		9D580E2D2067F38500B4611A /* Products */ = {
			isa = PBXGroup;
			children = (
				9D580E2C2067F38500B4611A /* ProjectAlfi.app */,
				9D580E402067F38500B4611A /* ProjectAlfiTests.xctest */,
				9D580E4B2067F38500B4611A /* ProjectAlfiUITests.xctest */,
			);
			name = Products;
			sourceTree = "<group>";
		};
		9D580E2E2067F38500B4611A /* ProjectAlfi */ = {
			isa = PBXGroup;
			children = (
				9D580E362067F38500B4611A /* Assets.xcassets */,
				9D580E382067F38500B4611A /* LaunchScreen.storyboard */,
				9D580E2F2067F38500B4611A /* AppDelegate.swift */,
				9D580E332067F38500B4611A /* Main.storyboard */,
				9D580E5D2067FCBB00B4611A /* Login:Signup.storyboard */,
				9D580E312067F38500B4611A /* ViewController.swift */,
				9D580FB5206800F600B4611A /* Start Screen */,
				9D58112A2068022900B4611A /* Utils */,
				9D9F31792068B195007CD1B5 /* MainMenuViewController.swift */,
			);
			path = ProjectAlfi;
			sourceTree = "<group>";
		};
		9D580E432067F38500B4611A /* ProjectAlfiTests */ = {
			isa = PBXGroup;
			children = (
				9D580E442067F38500B4611A /* ProjectAlfiTests.swift */,
				9D580E462067F38500B4611A /* Info.plist */,
			);
			path = ProjectAlfiTests;
			sourceTree = "<group>";
		};
		9D580E4E2067F38500B4611A /* ProjectAlfiUITests */ = {
			isa = PBXGroup;
			children = (
				9D580E4F2067F38500B4611A /* ProjectAlfiUITests.swift */,
				9D580E512067F38500B4611A /* Info.plist */,
			);
			path = ProjectAlfiUITests;
			sourceTree = "<group>";
		};
		9D580FB5206800F600B4611A /* Start Screen */ = {
			isa = PBXGroup;
			children = (
				9D5811112068017400B4611A /* Start Screen Slides */,
				9D5811102068017200B4611A /* Create Account */,
				9D58110F2068016F00B4611A /* Login */,
				9D5810682068014E00B4611A /* StartUpViewController.swift */,
			);
			path = "Start Screen";
			sourceTree = "<group>";
		};
		9D58110F2068016F00B4611A /* Login */ = {
			isa = PBXGroup;
			children = (
				9D581112206801B400B4611A /* LoginViewController.swift */,
			);
			path = Login;
			sourceTree = "<group>";
		};
		9D5811102068017200B4611A /* Create Account */ = {
			isa = PBXGroup;
			children = (
				9D581117206801C000B4611A /* NameViewController.swift */,
				9D581115206801C000B4611A /* CreateProfileViewController.swift */,
				9D5811342068087A00B4611A /* AgeViewController.swift */,
				9D581136206808D000B4611A /* WeightViewController.swift */,
			);
			path = "Create Account";
			sourceTree = "<group>";
		};
		9D5811112068017400B4611A /* Start Screen Slides */ = {
			isa = PBXGroup;
			children = (
				9D581120206801CE00B4611A /* Slide.xib */,
				9D581121206801CE00B4611A /* Slide2.xib */,
				9D581124206801CE00B4611A /* Slide3.xib */,
				9D581122206801CE00B4611A /* Slide4.xib */,
				9D581123206801CE00B4611A /* Slide.swift */,
			);
			path = "Start Screen Slides";
			sourceTree = "<group>";
		};
		9D58112A2068022900B4611A /* Utils */ = {
			isa = PBXGroup;
			children = (
				9D58129C2068160F00B4611A /* CommonUtils.swift */,
				9D58128F2068122D00B4611A /* Sounds */,
				9D58113820680CEA00B4611A /* Constants.swift */,
				9D58112B2068027300B4611A /* BaseViewController.swift */,
			);
			path = Utils;
			sourceTree = "<group>";
		};
		9D58128F2068122D00B4611A /* Sounds */ = {
			isa = PBXGroup;
			children = (
				9D5812922068123A00B4611A /* ErrorSound.wav */,
				9D5812932068123A00B4611A /* newMessage.wav */,
				9D5812912068123A00B4611A /* sound4.wav */,
				9D5812942068123A00B4611A /* sound8.wav */,
				9D5812952068123A00B4611A /* sound9.wav */,
				9D5812902068123900B4611A /* sound10.wav */,
			);
			path = Sounds;
			sourceTree = "<group>";
		};
/* End PBXGroup section */

/* Begin PBXNativeTarget section */
		9D580E2B2067F38500B4611A /* ProjectAlfi */ = {
			isa = PBXNativeTarget;
			buildConfigurationList = 9D580E542067F38500B4611A /* Build configuration list for PBXNativeTarget "ProjectAlfi" */;
			buildPhases = (
				9D580E282067F38500B4611A /* Sources */,
				9D580E292067F38500B4611A /* Frameworks */,
				9D580E2A2067F38500B4611A /* Resources */,
			);
			buildRules = (
			);
			dependencies = (
			);
			name = ProjectAlfi;
			productName = ProjectAlfi;
			productReference = 9D580E2C2067F38500B4611A /* ProjectAlfi.app */;
			productType = "com.apple.product-type.application";
		};
		9D580E3F2067F38500B4611A /* ProjectAlfiTests */ = {
			isa = PBXNativeTarget;
			buildConfigurationList = 9D580E572067F38500B4611A /* Build configuration list for PBXNativeTarget "ProjectAlfiTests" */;
			buildPhases = (
				9D580E3C2067F38500B4611A /* Sources */,
				9D580E3D2067F38500B4611A /* Frameworks */,
				9D580E3E2067F38500B4611A /* Resources */,
			);
			buildRules = (
			);
			dependencies = (
				9D580E422067F38500B4611A /* PBXTargetDependency */,
			);
			name = ProjectAlfiTests;
			productName = ProjectAlfiTests;
			productReference = 9D580E402067F38500B4611A /* ProjectAlfiTests.xctest */;
			productType = "com.apple.product-type.bundle.unit-test";
		};
		9D580E4A2067F38500B4611A /* ProjectAlfiUITests */ = {
			isa = PBXNativeTarget;
			buildConfigurationList = 9D580E5A2067F38500B4611A /* Build configuration list for PBXNativeTarget "ProjectAlfiUITests" */;
			buildPhases = (
				9D580E472067F38500B4611A /* Sources */,
				9D580E482067F38500B4611A /* Frameworks */,
				9D580E492067F38500B4611A /* Resources */,
			);
			buildRules = (
			);
			dependencies = (
				9D580E4D2067F38500B4611A /* PBXTargetDependency */,
			);
			name = ProjectAlfiUITests;
			productName = ProjectAlfiUITests;
			productReference = 9D580E4B2067F38500B4611A /* ProjectAlfiUITests.xctest */;
			productType = "com.apple.product-type.bundle.ui-testing";
		};
/* End PBXNativeTarget section */

/* Begin PBXProject section */
		9D580E242067F38500B4611A /* Project object */ = {
			isa = PBXProject;
			attributes = {
				LastSwiftUpdateCheck = 0920;
				LastUpgradeCheck = 0920;
				ORGANIZATIONNAME = ThemFireLabs;
				TargetAttributes = {
					9D580E2B2067F38500B4611A = {
						CreatedOnToolsVersion = 9.2;
						ProvisioningStyle = Automatic;
					};
					9D580E3F2067F38500B4611A = {
						CreatedOnToolsVersion = 9.2;
						ProvisioningStyle = Automatic;
						TestTargetID = 9D580E2B2067F38500B4611A;
					};
					9D580E4A2067F38500B4611A = {
						CreatedOnToolsVersion = 9.2;
						ProvisioningStyle = Automatic;
						TestTargetID = 9D580E2B2067F38500B4611A;
					};
				};
			};
			buildConfigurationList = 9D580E272067F38500B4611A /* Build configuration list for PBXProject "ProjectAlfi" */;
			compatibilityVersion = "Xcode 8.0";
			developmentRegion = en;
			hasScannedForEncodings = 0;
			knownRegions = (
				en,
				Base,
			);
			mainGroup = 9D580E232067F38500B4611A;
			productRefGroup = 9D580E2D2067F38500B4611A /* Products */;
			projectDirPath = "";
			projectRoot = "";
			targets = (
				9D580E2B2067F38500B4611A /* ProjectAlfi */,
				9D580E3F2067F38500B4611A /* ProjectAlfiTests */,
				9D580E4A2067F38500B4611A /* ProjectAlfiUITests */,
			);
		};
/* End PBXProject section */

/* Begin PBXResourcesBuildPhase section */
		9D580E2A2067F38500B4611A /* Resources */ = {
			isa = PBXResourcesBuildPhase;
			buildActionMask = 2147483647;
			files = (
				9D581126206801CE00B4611A /* Slide2.xib in Resources */,
				9D58129A2068123A00B4611A /* sound8.wav in Resources */,
				9D5812992068123A00B4611A /* newMessage.wav in Resources */,
				9D581125206801CE00B4611A /* Slide.xib in Resources */,
				9D58129B2068123A00B4611A /* sound9.wav in Resources */,
				9D580E3A2067F38500B4611A /* LaunchScreen.storyboard in Resources */,
				9D580E372067F38500B4611A /* Assets.xcassets in Resources */,
				9D581127206801CE00B4611A /* Slide4.xib in Resources */,
				9D5812982068123A00B4611A /* ErrorSound.wav in Resources */,
				9D5812972068123A00B4611A /* sound4.wav in Resources */,
				9D5812962068123A00B4611A /* sound10.wav in Resources */,
				9D580E352067F38500B4611A /* Main.storyboard in Resources */,
				9D580E5F2067FCBB00B4611A /* Login:Signup.storyboard in Resources */,
				9D581129206801CE00B4611A /* Slide3.xib in Resources */,
			);
			runOnlyForDeploymentPostprocessing = 0;
		};
		9D580E3E2067F38500B4611A /* Resources */ = {
			isa = PBXResourcesBuildPhase;
			buildActionMask = 2147483647;
			files = (
			);
			runOnlyForDeploymentPostprocessing = 0;
		};
		9D580E492067F38500B4611A /* Resources */ = {
			isa = PBXResourcesBuildPhase;
			buildActionMask = 2147483647;
			files = (
			);
			runOnlyForDeploymentPostprocessing = 0;
		};
/* End PBXResourcesBuildPhase section */

/* Begin PBXSourcesBuildPhase section */
		9D580E282067F38500B4611A /* Sources */ = {
			isa = PBXSourcesBuildPhase;
			buildActionMask = 2147483647;
			files = (
				9D58112C2068027300B4611A /* BaseViewController.swift in Sources */,
				9D580E322067F38500B4611A /* ViewController.swift in Sources */,
				9D5811352068087A00B4611A /* AgeViewController.swift in Sources */,
				9D580E302067F38500B4611A /* AppDelegate.swift in Sources */,
				9D581128206801CE00B4611A /* Slide.swift in Sources */,
				9D58113920680CEA00B4611A /* Constants.swift in Sources */,
				9D581137206808D000B4611A /* WeightViewController.swift in Sources */,
				9D58111D206801C100B4611A /* NameViewController.swift in Sources */,
				9D581113206801B400B4611A /* LoginViewController.swift in Sources */,
				9D9F317A2068B195007CD1B5 /* MainMenuViewController.swift in Sources */,
				9D58110E2068014E00B4611A /* StartUpViewController.swift in Sources */,
				9D58129D2068160F00B4611A /* CommonUtils.swift in Sources */,
				9D58111B206801C100B4611A /* CreateProfileViewController.swift in Sources */,
			);
			runOnlyForDeploymentPostprocessing = 0;
		};
		9D580E3C2067F38500B4611A /* Sources */ = {
			isa = PBXSourcesBuildPhase;
			buildActionMask = 2147483647;
			files = (
				9D580E452067F38500B4611A /* ProjectAlfiTests.swift in Sources */,
			);
			runOnlyForDeploymentPostprocessing = 0;
		};
		9D580E472067F38500B4611A /* Sources */ = {
			isa = PBXSourcesBuildPhase;
			buildActionMask = 2147483647;
			files = (
				9D580E502067F38500B4611A /* ProjectAlfiUITests.swift in Sources */,
			);
			runOnlyForDeploymentPostprocessing = 0;
		};
/* End PBXSourcesBuildPhase section */

/* Begin PBXTargetDependency section */
		9D580E422067F38500B4611A /* PBXTargetDependency */ = {
			isa = PBXTargetDependency;
			target = 9D580E2B2067F38500B4611A /* ProjectAlfi */;
			targetProxy = 9D580E412067F38500B4611A /* PBXContainerItemProxy */;
		};
		9D580E4D2067F38500B4611A /* PBXTargetDependency */ = {
			isa = PBXTargetDependency;
			target = 9D580E2B2067F38500B4611A /* ProjectAlfi */;
			targetProxy = 9D580E4C2067F38500B4611A /* PBXContainerItemProxy */;
		};
/* End PBXTargetDependency section */

/* Begin PBXVariantGroup section */
		9D580E332067F38500B4611A /* Main.storyboard */ = {
			isa = PBXVariantGroup;
			children = (
				9D580E342067F38500B4611A /* Base */,
			);
			name = Main.storyboard;
			sourceTree = "<group>";
		};
		9D580E382067F38500B4611A /* LaunchScreen.storyboard */ = {
			isa = PBXVariantGroup;
			children = (
				9D580E392067F38500B4611A /* Base */,
			);
			name = LaunchScreen.storyboard;
			sourceTree = "<group>";
		};
		9D580E5D2067FCBB00B4611A /* Login:Signup.storyboard */ = {
			isa = PBXVariantGroup;
			children = (
				9D580E5E2067FCBB00B4611A /* Base */,
			);
			name = "Login:Signup.storyboard";
			sourceTree = "<group>";
		};
/* End PBXVariantGroup section */

/* Begin XCBuildConfiguration section */
		9D580E522067F38500B4611A /* Debug */ = {
			isa = XCBuildConfiguration;
			buildSettings = {
				ALWAYS_SEARCH_USER_PATHS = NO;
				CLANG_ANALYZER_NONNULL = YES;
				CLANG_ANALYZER_NUMBER_OBJECT_CONVERSION = YES_AGGRESSIVE;
				CLANG_CXX_LANGUAGE_STANDARD = "gnu++14";
				CLANG_CXX_LIBRARY = "libc++";
				CLANG_ENABLE_MODULES = YES;
				CLANG_ENABLE_OBJC_ARC = YES;
				CLANG_WARN_BLOCK_CAPTURE_AUTORELEASING = YES;
				CLANG_WARN_BOOL_CONVERSION = YES;
				CLANG_WARN_COMMA = YES;
				CLANG_WARN_CONSTANT_CONVERSION = YES;
				CLANG_WARN_DIRECT_OBJC_ISA_USAGE = YES_ERROR;
				CLANG_WARN_DOCUMENTATION_COMMENTS = YES;
				CLANG_WARN_EMPTY_BODY = YES;
				CLANG_WARN_ENUM_CONVERSION = YES;
				CLANG_WARN_INFINITE_RECURSION = YES;
				CLANG_WARN_INT_CONVERSION = YES;
				CLANG_WARN_NON_LITERAL_NULL_CONVERSION = YES;
				CLANG_WARN_OBJC_LITERAL_CONVERSION = YES;
				CLANG_WARN_OBJC_ROOT_CLASS = YES_ERROR;
				CLANG_WARN_RANGE_LOOP_ANALYSIS = YES;
				CLANG_WARN_STRICT_PROTOTYPES = YES;
				CLANG_WARN_SUSPICIOUS_MOVE = YES;
				CLANG_WARN_UNGUARDED_AVAILABILITY = YES_AGGRESSIVE;
				CLANG_WARN_UNREACHABLE_CODE = YES;
				CLANG_WARN__DUPLICATE_METHOD_MATCH = YES;
				CODE_SIGN_IDENTITY = "iPhone Developer";
				COPY_PHASE_STRIP = NO;
				DEBUG_INFORMATION_FORMAT = dwarf;
				ENABLE_STRICT_OBJC_MSGSEND = YES;
				ENABLE_TESTABILITY = YES;
				GCC_C_LANGUAGE_STANDARD = gnu11;
				GCC_DYNAMIC_NO_PIC = NO;
				GCC_NO_COMMON_BLOCKS = YES;
				GCC_OPTIMIZATION_LEVEL = 0;
				GCC_PREPROCESSOR_DEFINITIONS = (
					"DEBUG=1",
					"$(inherited)",
				);
				GCC_WARN_64_TO_32_BIT_CONVERSION = YES;
				GCC_WARN_ABOUT_RETURN_TYPE = YES_ERROR;
				GCC_WARN_UNDECLARED_SELECTOR = YES;
				GCC_WARN_UNINITIALIZED_AUTOS = YES_AGGRESSIVE;
				GCC_WARN_UNUSED_FUNCTION = YES;
				GCC_WARN_UNUSED_VARIABLE = YES;
				IPHONEOS_DEPLOYMENT_TARGET = 10.2;
				MTL_ENABLE_DEBUG_INFO = YES;
				ONLY_ACTIVE_ARCH = YES;
				SDKROOT = iphoneos;
				SWIFT_ACTIVE_COMPILATION_CONDITIONS = DEBUG;
				SWIFT_OPTIMIZATION_LEVEL = "-Onone";
			};
			name = Debug;
		};
		9D580E532067F38500B4611A /* Release */ = {
			isa = XCBuildConfiguration;
			buildSettings = {
				ALWAYS_SEARCH_USER_PATHS = NO;
				CLANG_ANALYZER_NONNULL = YES;
				CLANG_ANALYZER_NUMBER_OBJECT_CONVERSION = YES_AGGRESSIVE;
				CLANG_CXX_LANGUAGE_STANDARD = "gnu++14";
				CLANG_CXX_LIBRARY = "libc++";
				CLANG_ENABLE_MODULES = YES;
				CLANG_ENABLE_OBJC_ARC = YES;
				CLANG_WARN_BLOCK_CAPTURE_AUTORELEASING = YES;
				CLANG_WARN_BOOL_CONVERSION = YES;
				CLANG_WARN_COMMA = YES;
				CLANG_WARN_CONSTANT_CONVERSION = YES;
				CLANG_WARN_DIRECT_OBJC_ISA_USAGE = YES_ERROR;
				CLANG_WARN_DOCUMENTATION_COMMENTS = YES;
				CLANG_WARN_EMPTY_BODY = YES;
				CLANG_WARN_ENUM_CONVERSION = YES;
				CLANG_WARN_INFINITE_RECURSION = YES;
				CLANG_WARN_INT_CONVERSION = YES;
				CLANG_WARN_NON_LITERAL_NULL_CONVERSION = YES;
				CLANG_WARN_OBJC_LITERAL_CONVERSION = YES;
				CLANG_WARN_OBJC_ROOT_CLASS = YES_ERROR;
				CLANG_WARN_RANGE_LOOP_ANALYSIS = YES;
				CLANG_WARN_STRICT_PROTOTYPES = YES;
				CLANG_WARN_SUSPICIOUS_MOVE = YES;
				CLANG_WARN_UNGUARDED_AVAILABILITY = YES_AGGRESSIVE;
				CLANG_WARN_UNREACHABLE_CODE = YES;
				CLANG_WARN__DUPLICATE_METHOD_MATCH = YES;
				CODE_SIGN_IDENTITY = "iPhone Developer";
				COPY_PHASE_STRIP = NO;
				DEBUG_INFORMATION_FORMAT = "dwarf-with-dsym";
				ENABLE_NS_ASSERTIONS = NO;
				ENABLE_STRICT_OBJC_MSGSEND = YES;
				GCC_C_LANGUAGE_STANDARD = gnu11;
				GCC_NO_COMMON_BLOCKS = YES;
				GCC_WARN_64_TO_32_BIT_CONVERSION = YES;
				GCC_WARN_ABOUT_RETURN_TYPE = YES_ERROR;
				GCC_WARN_UNDECLARED_SELECTOR = YES;
				GCC_WARN_UNINITIALIZED_AUTOS = YES_AGGRESSIVE;
				GCC_WARN_UNUSED_FUNCTION = YES;
				GCC_WARN_UNUSED_VARIABLE = YES;
				IPHONEOS_DEPLOYMENT_TARGET = 10.2;
				MTL_ENABLE_DEBUG_INFO = NO;
				SDKROOT = iphoneos;
				SWIFT_OPTIMIZATION_LEVEL = "-Owholemodule";
				VALIDATE_PRODUCT = YES;
			};
			name = Release;
		};
		9D580E552067F38500B4611A /* Debug */ = {
			isa = XCBuildConfiguration;
			buildSettings = {
				ASSETCATALOG_COMPILER_APPICON_NAME = AppIcon;
				CODE_SIGN_STYLE = Automatic;
				DEVELOPMENT_TEAM = GNTMNU45P5;
				INFOPLIST_FILE = "$(SRCROOT)/Info.plist";
				IPHONEOS_DEPLOYMENT_TARGET = 10.2;
				LD_RUNPATH_SEARCH_PATHS = "$(inherited) @executable_path/Frameworks";
				PRODUCT_BUNDLE_IDENTIFIER = alfi.ProjectAlfi;
				PRODUCT_NAME = "$(TARGET_NAME)";
				SWIFT_VERSION = 4.0;
				TARGETED_DEVICE_FAMILY = "1,2";
			};
			name = Debug;
		};
		9D580E562067F38500B4611A /* Release */ = {
			isa = XCBuildConfiguration;
			buildSettings = {
				ASSETCATALOG_COMPILER_APPICON_NAME = AppIcon;
				CODE_SIGN_STYLE = Automatic;
				DEVELOPMENT_TEAM = GNTMNU45P5;
				INFOPLIST_FILE = "$(SRCROOT)/Info.plist";
				IPHONEOS_DEPLOYMENT_TARGET = 10.2;
				LD_RUNPATH_SEARCH_PATHS = "$(inherited) @executable_path/Frameworks";
				PRODUCT_BUNDLE_IDENTIFIER = alfi.ProjectAlfi;
				PRODUCT_NAME = "$(TARGET_NAME)";
				SWIFT_VERSION = 4.0;
				TARGETED_DEVICE_FAMILY = "1,2";
			};
			name = Release;
		};
		9D580E582067F38500B4611A /* Debug */ = {
			isa = XCBuildConfiguration;
			buildSettings = {
				ALWAYS_EMBED_SWIFT_STANDARD_LIBRARIES = YES;
				BUNDLE_LOADER = "$(TEST_HOST)";
				CODE_SIGN_STYLE = Automatic;
				DEVELOPMENT_TEAM = GNTMNU45P5;
				INFOPLIST_FILE = ProjectAlfiTests/Info.plist;
				LD_RUNPATH_SEARCH_PATHS = "$(inherited) @executable_path/Frameworks @loader_path/Frameworks";
				PRODUCT_BUNDLE_IDENTIFIER = themfirelabs.ProjectAlfiTests;
				PRODUCT_NAME = "$(TARGET_NAME)";
				SWIFT_VERSION = 4.0;
				TARGETED_DEVICE_FAMILY = "1,2";
				TEST_HOST = "$(BUILT_PRODUCTS_DIR)/ProjectAlfi.app/ProjectAlfi";
			};
			name = Debug;
		};
		9D580E592067F38500B4611A /* Release */ = {
			isa = XCBuildConfiguration;
			buildSettings = {
				ALWAYS_EMBED_SWIFT_STANDARD_LIBRARIES = YES;
				BUNDLE_LOADER = "$(TEST_HOST)";
				CODE_SIGN_STYLE = Automatic;
				DEVELOPMENT_TEAM = GNTMNU45P5;
				INFOPLIST_FILE = ProjectAlfiTests/Info.plist;
				LD_RUNPATH_SEARCH_PATHS = "$(inherited) @executable_path/Frameworks @loader_path/Frameworks";
				PRODUCT_BUNDLE_IDENTIFIER = themfirelabs.ProjectAlfiTests;
				PRODUCT_NAME = "$(TARGET_NAME)";
				SWIFT_VERSION = 4.0;
				TARGETED_DEVICE_FAMILY = "1,2";
				TEST_HOST = "$(BUILT_PRODUCTS_DIR)/ProjectAlfi.app/ProjectAlfi";
			};
			name = Release;
		};
		9D580E5B2067F38500B4611A /* Debug */ = {
			isa = XCBuildConfiguration;
			buildSettings = {
				ALWAYS_EMBED_SWIFT_STANDARD_LIBRARIES = YES;
				CODE_SIGN_STYLE = Automatic;
				DEVELOPMENT_TEAM = GNTMNU45P5;
				INFOPLIST_FILE = ProjectAlfiUITests/Info.plist;
				LD_RUNPATH_SEARCH_PATHS = "$(inherited) @executable_path/Frameworks @loader_path/Frameworks";
				PRODUCT_BUNDLE_IDENTIFIER = themfirelabs.ProjectAlfiUITests;
				PRODUCT_NAME = "$(TARGET_NAME)";
				SWIFT_VERSION = 4.0;
				TARGETED_DEVICE_FAMILY = "1,2";
				TEST_TARGET_NAME = ProjectAlfi;
			};
			name = Debug;
		};
		9D580E5C2067F38500B4611A /* Release */ = {
			isa = XCBuildConfiguration;
			buildSettings = {
				ALWAYS_EMBED_SWIFT_STANDARD_LIBRARIES = YES;
				CODE_SIGN_STYLE = Automatic;
				DEVELOPMENT_TEAM = GNTMNU45P5;
				INFOPLIST_FILE = ProjectAlfiUITests/Info.plist;
				LD_RUNPATH_SEARCH_PATHS = "$(inherited) @executable_path/Frameworks @loader_path/Frameworks";
				PRODUCT_BUNDLE_IDENTIFIER = themfirelabs.ProjectAlfiUITests;
				PRODUCT_NAME = "$(TARGET_NAME)";
				SWIFT_VERSION = 4.0;
				TARGETED_DEVICE_FAMILY = "1,2";
				TEST_TARGET_NAME = ProjectAlfi;
			};
			name = Release;
		};
/* End XCBuildConfiguration section */

/* Begin XCConfigurationList section */
		9D580E272067F38500B4611A /* Build configuration list for PBXProject "ProjectAlfi" */ = {
			isa = XCConfigurationList;
			buildConfigurations = (
				9D580E522067F38500B4611A /* Debug */,
				9D580E532067F38500B4611A /* Release */,
			);
			defaultConfigurationIsVisible = 0;
			defaultConfigurationName = Release;
		};
		9D580E542067F38500B4611A /* Build configuration list for PBXNativeTarget "ProjectAlfi" */ = {
			isa = XCConfigurationList;
			buildConfigurations = (
				9D580E552067F38500B4611A /* Debug */,
				9D580E562067F38500B4611A /* Release */,
			);
			defaultConfigurationIsVisible = 0;
			defaultConfigurationName = Release;
		};
		9D580E572067F38500B4611A /* Build configuration list for PBXNativeTarget "ProjectAlfiTests" */ = {
			isa = XCConfigurationList;
			buildConfigurations = (
				9D580E582067F38500B4611A /* Debug */,
				9D580E592067F38500B4611A /* Release */,
			);
			defaultConfigurationIsVisible = 0;
			defaultConfigurationName = Release;
		};
		9D580E5A2067F38500B4611A /* Build configuration list for PBXNativeTarget "ProjectAlfiUITests" */ = {
			isa = XCConfigurationList;
			buildConfigurations = (
				9D580E5B2067F38500B4611A /* Debug */,
				9D580E5C2067F38500B4611A /* Release */,
			);
			defaultConfigurationIsVisible = 0;
			defaultConfigurationName = Release;
		};
/* End XCConfigurationList section */
	};
	rootObject = 9D580E242067F38500B4611A /* Project object */;
}
